{
  "requires": true,
  "lockfileVersion": 1,
  "dependencies": {
    "styled-reset": {
      "version": "4.3.4",
      "resolved": "https://registry.npmjs.org/styled-reset/-/styled-reset-4.3.4.tgz",
      "integrity": "sha512-1UmkWmRwSPfzolKleyPjbZdBqkxSXv5ImqTP5WeSjWk0Z7IvEzsrYhrqinZfCg10eM1P6BEtFly8+puQJnN/0A=="
    }
  }
}
